
Microsoft Visual Studio Solution File, Format Version 12.00
# Visual Studio Version 16
VisualStudioVersion = 16.0.31829.152
MinimumVisualStudioVersion = 10.0.40219.1
Project("{9A19103F-16F7-4668-BE54-9A1E7A4F7556}") = "InternationalSpaceStation", "InternationalSpaceStation\InternationalSpaceStation.csproj", "{9BD795F2-3F9B-461E-931E-3C6FE12D083C}"
EndProject
Global
	GlobalSection(SolutionConfigurationPlatforms) = preSolution
		Debug|Any CPU = Debug|Any CPU
		Release|Any CPU = Release|Any CPU
	EndGlobalSection
	GlobalSection(ProjectConfigurationPlatforms) = postSolution
		{9BD795F2-3F9B-461E-931E-3C6FE12D083C}.Debug|Any CPU.ActiveCfg = Debug|Any CPU
		{9BD795F2-3F9B-461E-931E-3C6FE12D083C}.Debug|Any CPU.Build.0 = Debug|Any CPU
		{9BD795F2-3F9B-461E-931E-3C6FE12D083C}.Release|Any CPU.ActiveCfg = Release|Any CPU
		{9BD795F2-3F9B-461E-931E-3C6FE12D083C}.Release|Any CPU.Build.0 = Release|Any CPU
	EndGlobalSection
	GlobalSection(SolutionProperties) = preSolution
		HideSolutionNode = FALSE
	EndGlobalSection
	GlobalSection(ExtensibilityGlobals) = postSolution
		SolutionGuid = {760D7DC1-D10C-47ED-A09A-7E03B78DE160}
	EndGlobalSection
EndGlobal
